
Microsoft Visual Studio Solution File, Format Version 12.00
# Visual Studio Version 17
VisualStudioVersion = 17.11.35312.102
MinimumVisualStudioVersion = 10.0.40219.1
Project("{9A19103F-16F7-4668-BE54-9A1E7A4F7556}") = "ThinkingHome.Weather.Api", "ThinkingHome.Weather.Api\ThinkingHome.Weather.Api.csproj", "{EB40954F-0C96-4C5E-A804-82325A85F7A0}"
EndProject
Project("{9A19103F-16F7-4668-BE54-9A1E7A4F7556}") = "ThinkingHome.Weather.TestConsole", "ThinkingHome.Weather.TestConsole\ThinkingHome.Weather.TestConsole.csproj", "{C7C60E7A-6071-49E4-9363-3616375AE203}"
EndProject
Project("{FAE04EC0-301F-11D3-BF4B-00C04F79EFBC}") = "ThinkingHome.Weather.Tests", "ThinkingHome.Weather.Tests\ThinkingHome.Weather.Tests.csproj", "{42AA7AC0-027C-4257-9697-73D0A7D52D27}"
EndProject
Global
	GlobalSection(SolutionConfigurationPlatforms) = preSolution
		Debug|Any CPU = Debug|Any CPU
		Release|Any CPU = Release|Any CPU
	EndGlobalSection
	GlobalSection(ProjectConfigurationPlatforms) = postSolution
		{EB40954F-0C96-4C5E-A804-82325A85F7A0}.Debug|Any CPU.ActiveCfg = Debug|Any CPU
		{EB40954F-0C96-4C5E-A804-82325A85F7A0}.Debug|Any CPU.Build.0 = Debug|Any CPU
		{EB40954F-0C96-4C5E-A804-82325A85F7A0}.Release|Any CPU.ActiveCfg = Release|Any CPU
		{EB40954F-0C96-4C5E-A804-82325A85F7A0}.Release|Any CPU.Build.0 = Release|Any CPU
		{C7C60E7A-6071-49E4-9363-3616375AE203}.Debug|Any CPU.ActiveCfg = Debug|Any CPU
		{C7C60E7A-6071-49E4-9363-3616375AE203}.Debug|Any CPU.Build.0 = Debug|Any CPU
		{C7C60E7A-6071-49E4-9363-3616375AE203}.Release|Any CPU.ActiveCfg = Release|Any CPU
		{C7C60E7A-6071-49E4-9363-3616375AE203}.Release|Any CPU.Build.0 = Release|Any CPU
		{42AA7AC0-027C-4257-9697-73D0A7D52D27}.Debug|Any CPU.ActiveCfg = Debug|Any CPU
		{42AA7AC0-027C-4257-9697-73D0A7D52D27}.Debug|Any CPU.Build.0 = Debug|Any CPU
		{42AA7AC0-027C-4257-9697-73D0A7D52D27}.Release|Any CPU.ActiveCfg = Release|Any CPU
		{42AA7AC0-027C-4257-9697-73D0A7D52D27}.Release|Any CPU.Build.0 = Release|Any CPU
	EndGlobalSection
	GlobalSection(SolutionProperties) = preSolution
		HideSolutionNode = FALSE
	EndGlobalSection
	GlobalSection(ExtensibilityGlobals) = postSolution
		SolutionGuid = {3F3E0FB3-6CCA-44FD-B69D-E58EC67377A4}
	EndGlobalSection
EndGlobal
